
Microsoft Visual Studio Solution File, Format Version 12.00
# Visual Studio 15
VisualStudioVersion = 15.0.27130.2010
MinimumVisualStudioVersion = 10.0.40219.1
Project("{FAE04EC0-301F-11D3-BF4B-00C04F79EFBC}") = "EvtTool", "EvtTool\EvtTool.csproj", "{579F5C11-5821-4F54-832F-6798F14F6F75}"
EndProject
Global
	GlobalSection(SolutionConfigurationPlatforms) = preSolution
		Debug|Any CPU = Debug|Any CPU
		Release|Any CPU = Release|Any CPU
	EndGlobalSection
	GlobalSection(ProjectConfigurationPlatforms) = postSolution
		{579F5C11-5821-4F54-832F-6798F14F6F75}.Debug|Any CPU.ActiveCfg = Debug|Any CPU
		{579F5C11-5821-4F54-832F-6798F14F6F75}.Debug|Any CPU.Build.0 = Debug|Any CPU
		{579F5C11-5821-4F54-832F-6798F14F6F75}.Release|Any CPU.ActiveCfg = Release|Any CPU
		{579F5C11-5821-4F54-832F-6798F14F6F75}.Release|Any CPU.Build.0 = Release|Any CPU
	EndGlobalSection
	GlobalSection(SolutionProperties) = preSolution
		HideSolutionNode = FALSE
	EndGlobalSection
	GlobalSection(ExtensibilityGlobals) = postSolution
		SolutionGuid = {093592EA-7EE6-45B0-8461-EC295351EEC9}
	EndGlobalSection
EndGlobal
